
Microsoft Visual Studio Solution File, Format Version 12.00
# Visual Studio Version 17
VisualStudioVersion = 17.10.34928.147
MinimumVisualStudioVersion = 10.0.40219.1
Project("{FAE04EC0-301F-11D3-BF4B-00C04F79EFBC}") = "StudentPortal.Web", "StudentPortal.Web\StudentPortal.Web.csproj", "{C2101B1E-B8E9-45AD-AB7E-C3B93F2F2A83}"
EndProject
Global
	GlobalSection(SolutionConfigurationPlatforms) = preSolution
		Debug|Any CPU = Debug|Any CPU
		Release|Any CPU = Release|Any CPU
	EndGlobalSection
	GlobalSection(ProjectConfigurationPlatforms) = postSolution
		{C2101B1E-B8E9-45AD-AB7E-C3B93F2F2A83}.Debug|Any CPU.ActiveCfg = Debug|Any CPU
		{C2101B1E-B8E9-45AD-AB7E-C3B93F2F2A83}.Debug|Any CPU.Build.0 = Debug|Any CPU
		{C2101B1E-B8E9-45AD-AB7E-C3B93F2F2A83}.Release|Any CPU.ActiveCfg = Release|Any CPU
		{C2101B1E-B8E9-45AD-AB7E-C3B93F2F2A83}.Release|Any CPU.Build.0 = Release|Any CPU
	EndGlobalSection
	GlobalSection(SolutionProperties) = preSolution
		HideSolutionNode = FALSE
	EndGlobalSection
	GlobalSection(ExtensibilityGlobals) = postSolution
		SolutionGuid = {B10F80A5-FC2B-4DBB-9516-A077D07E20E9}
	EndGlobalSection
EndGlobal
